// !$*UTF8*$!
{
	archiveVersion = 1;
	classes = {
	};
	objectVersion = 56;
	objects = {

/* Begin PBXBuildFile section */
		981563572A2E279E008E03A8 /* CacheManager.swift in Sources */ = {isa = PBXBuildFile; fileRef = 981563562A2E279E008E03A8 /* CacheManager.swift */; };
		9844A0652A2C7EA700908169 /* AppDelegate.swift in Sources */ = {isa = PBXBuildFile; fileRef = 9844A0642A2C7EA700908169 /* AppDelegate.swift */; };
		9844A0672A2C7EA700908169 /* SceneDelegate.swift in Sources */ = {isa = PBXBuildFile; fileRef = 9844A0662A2C7EA700908169 /* SceneDelegate.swift */; };
		9844A0692A2C7EA700908169 /* ViewController.swift in Sources */ = {isa = PBXBuildFile; fileRef = 9844A0682A2C7EA700908169 /* ViewController.swift */; };
		9844A06C2A2C7EA700908169 /* Main.storyboard in Resources */ = {isa = PBXBuildFile; fileRef = 9844A06A2A2C7EA700908169 /* Main.storyboard */; };
		9844A06E2A2C7EA800908169 /* Assets.xcassets in Resources */ = {isa = PBXBuildFile; fileRef = 9844A06D2A2C7EA800908169 /* Assets.xcassets */; };
		9844A0712A2C7EA800908169 /* LaunchScreen.storyboard in Resources */ = {isa = PBXBuildFile; fileRef = 9844A06F2A2C7EA800908169 /* LaunchScreen.storyboard */; };
		9844A07A2A2DAE5200908169 /* constants.swift in Sources */ = {isa = PBXBuildFile; fileRef = 9844A0792A2DAE5200908169 /* constants.swift */; };
		9844A07D2A2DB0EE00908169 /* Video.swift in Sources */ = {isa = PBXBuildFile; fileRef = 9844A07C2A2DB0EE00908169 /* Video.swift */; };
		9844A07F2A2DB15C00908169 /* Model.swift in Sources */ = {isa = PBXBuildFile; fileRef = 9844A07E2A2DB15C00908169 /* Model.swift */; };
		9844A0812A2DB7B400908169 /* constantsTemplate.swift in Sources */ = {isa = PBXBuildFile; fileRef = 9844A0802A2DB7B400908169 /* constantsTemplate.swift */; };
		9844A0832A2DC51C00908169 /* response.swift in Sources */ = {isa = PBXBuildFile; fileRef = 9844A0822A2DC51C00908169 /* response.swift */; };
		9844A0852A2DF3D100908169 /* VideoTableViewCell.swift in Sources */ = {isa = PBXBuildFile; fileRef = 9844A0842A2DF3D100908169 /* VideoTableViewCell.swift */; };
/* End PBXBuildFile section */

/* Begin PBXFileReference section */
		981563562A2E279E008E03A8 /* CacheManager.swift */ = {isa = PBXFileReference; lastKnownFileType = sourcecode.swift; path = CacheManager.swift; sourceTree = "<group>"; };
		9844A0612A2C7EA700908169 /* Youtube.app */ = {isa = PBXFileReference; explicitFileType = wrapper.application; includeInIndex = 0; path = Youtube.app; sourceTree = BUILT_PRODUCTS_DIR; };
		9844A0642A2C7EA700908169 /* AppDelegate.swift */ = {isa = PBXFileReference; lastKnownFileType = sourcecode.swift; path = AppDelegate.swift; sourceTree = "<group>"; };
		9844A0662A2C7EA700908169 /* SceneDelegate.swift */ = {isa = PBXFileReference; lastKnownFileType = sourcecode.swift; path = SceneDelegate.swift; sourceTree = "<group>"; };
		9844A0682A2C7EA700908169 /* ViewController.swift */ = {isa = PBXFileReference; lastKnownFileType = sourcecode.swift; path = ViewController.swift; sourceTree = "<group>"; };
		9844A06B2A2C7EA700908169 /* Base */ = {isa = PBXFileReference; lastKnownFileType = file.storyboard; name = Base; path = Base.lproj/Main.storyboard; sourceTree = "<group>"; };
		9844A06D2A2C7EA800908169 /* Assets.xcassets */ = {isa = PBXFileReference; lastKnownFileType = folder.assetcatalog; path = Assets.xcassets; sourceTree = "<group>"; };
		9844A0702A2C7EA800908169 /* Base */ = {isa = PBXFileReference; lastKnownFileType = file.storyboard; name = Base; path = Base.lproj/LaunchScreen.storyboard; sourceTree = "<group>"; };
		9844A0722A2C7EA800908169 /* Info.plist */ = {isa = PBXFileReference; lastKnownFileType = text.plist.xml; path = Info.plist; sourceTree = "<group>"; };
		9844A0792A2DAE5200908169 /* constants.swift */ = {isa = PBXFileReference; lastKnownFileType = sourcecode.swift; path = constants.swift; sourceTree = "<group>"; };
		9844A07C2A2DB0EE00908169 /* Video.swift */ = {isa = PBXFileReference; lastKnownFileType = sourcecode.swift; path = Video.swift; sourceTree = "<group>"; };
		9844A07E2A2DB15C00908169 /* Model.swift */ = {isa = PBXFileReference; lastKnownFileType = sourcecode.swift; path = Model.swift; sourceTree = "<group>"; };
		9844A0802A2DB7B400908169 /* constantsTemplate.swift */ = {isa = PBXFileReference; lastKnownFileType = sourcecode.swift; path = constantsTemplate.swift; sourceTree = "<group>"; };
		9844A0822A2DC51C00908169 /* response.swift */ = {isa = PBXFileReference; lastKnownFileType = sourcecode.swift; path = response.swift; sourceTree = "<group>"; };
		9844A0842A2DF3D100908169 /* VideoTableViewCell.swift */ = {isa = PBXFileReference; lastKnownFileType = sourcecode.swift; path = VideoTableViewCell.swift; sourceTree = "<group>"; };
/* End PBXFileReference section */

/* Begin PBXFrameworksBuildPhase section */
		9844A05E2A2C7EA700908169 /* Frameworks */ = {
			isa = PBXFrameworksBuildPhase;
			buildActionMask = 2147483647;
			files = (
			);
			runOnlyForDeploymentPostprocessing = 0;
		};
/* End PBXFrameworksBuildPhase section */

/* Begin PBXGroup section */
		9844A0582A2C7EA700908169 = {
			isa = PBXGroup;
			children = (
				9844A0632A2C7EA700908169 /* Youtube */,
				9844A0622A2C7EA700908169 /* Products */,
			);
			sourceTree = "<group>";
		};
		9844A0622A2C7EA700908169 /* Products */ = {
			isa = PBXGroup;
			children = (
				9844A0612A2C7EA700908169 /* Youtube.app */,
			);
			name = Products;
			sourceTree = "<group>";
		};
		9844A0632A2C7EA700908169 /* Youtube */ = {
			isa = PBXGroup;
			children = (
				9844A0642A2C7EA700908169 /* AppDelegate.swift */,
				9844A0662A2C7EA700908169 /* SceneDelegate.swift */,
				9844A0882A2DF41200908169 /* StoryBoards */,
				9844A0872A2DF40000908169 /* Views */,
				9844A0862A2DF3E000908169 /* View Controllers */,
				9844A07B2A2DB0C800908169 /* Model */,
				9844A0782A2DAE3F00908169 /* Helpers */,
				9844A06D2A2C7EA800908169 /* Assets.xcassets */,
				9844A0722A2C7EA800908169 /* Info.plist */,
			);
			path = Youtube;
			sourceTree = "<group>";
		};
		9844A0782A2DAE3F00908169 /* Helpers */ = {
			isa = PBXGroup;
			children = (
				9844A0792A2DAE5200908169 /* constants.swift */,
				9844A0802A2DB7B400908169 /* constantsTemplate.swift */,
				981563562A2E279E008E03A8 /* CacheManager.swift */,
			);
			path = Helpers;
			sourceTree = "<group>";
		};
		9844A07B2A2DB0C800908169 /* Model */ = {
			isa = PBXGroup;
			children = (
				9844A0822A2DC51C00908169 /* response.swift */,
				9844A07C2A2DB0EE00908169 /* Video.swift */,
				9844A07E2A2DB15C00908169 /* Model.swift */,
			);
			path = Model;
			sourceTree = "<group>";
		};
		9844A0862A2DF3E000908169 /* View Controllers */ = {
			isa = PBXGroup;
			children = (
				9844A0682A2C7EA700908169 /* ViewController.swift */,
			);
			path = "View Controllers";
			sourceTree = "<group>";
		};
		9844A0872A2DF40000908169 /* Views */ = {
			isa = PBXGroup;
			children = (
				9844A0842A2DF3D100908169 /* VideoTableViewCell.swift */,
			);
			path = Views;
			sourceTree = "<group>";
		};
		9844A0882A2DF41200908169 /* StoryBoards */ = {
			isa = PBXGroup;
			children = (
				9844A06A2A2C7EA700908169 /* Main.storyboard */,
				9844A06F2A2C7EA800908169 /* LaunchScreen.storyboard */,
			);
			path = StoryBoards;
			sourceTree = "<group>";
		};
/* End PBXGroup section */

/* Begin PBXNativeTarget section */
		9844A0602A2C7EA700908169 /* Youtube */ = {
			isa = PBXNativeTarget;
			buildConfigurationList = 9844A0752A2C7EA800908169 /* Build configuration list for PBXNativeTarget "Youtube" */;
			buildPhases = (
				9844A05D2A2C7EA700908169 /* Sources */,
				9844A05E2A2C7EA700908169 /* Frameworks */,
				9844A05F2A2C7EA700908169 /* Resources */,
			);
			buildRules = (
			);
			dependencies = (
			);
			name = Youtube;
			productName = Youtube;
			productReference = 9844A0612A2C7EA700908169 /* Youtube.app */;
			productType = "com.apple.product-type.application";
		};
/* End PBXNativeTarget section */

/* Begin PBXProject section */
		9844A0592A2C7EA700908169 /* Project object */ = {
			isa = PBXProject;
			attributes = {
				BuildIndependentTargetsInParallel = 1;
				LastSwiftUpdateCheck = 1430;
				LastUpgradeCheck = 1430;
				TargetAttributes = {
					9844A0602A2C7EA700908169 = {
						CreatedOnToolsVersion = 14.3.1;
					};
				};
			};
			buildConfigurationList = 9844A05C2A2C7EA700908169 /* Build configuration list for PBXProject "Youtube" */;
			compatibilityVersion = "Xcode 14.0";
			developmentRegion = en;
			hasScannedForEncodings = 0;
			knownRegions = (
				en,
				Base,
			);
			mainGroup = 9844A0582A2C7EA700908169;
			productRefGroup = 9844A0622A2C7EA700908169 /* Products */;
			projectDirPath = "";
			projectRoot = "";
			targets = (
				9844A0602A2C7EA700908169 /* Youtube */,
			);
		};
/* End PBXProject section */

/* Begin PBXResourcesBuildPhase section */
		9844A05F2A2C7EA700908169 /* Resources */ = {
			isa = PBXResourcesBuildPhase;
			buildActionMask = 2147483647;
			files = (
				9844A0712A2C7EA800908169 /* LaunchScreen.storyboard in Resources */,
				9844A06E2A2C7EA800908169 /* Assets.xcassets in Resources */,
				9844A06C2A2C7EA700908169 /* Main.storyboard in Resources */,
			);
			runOnlyForDeploymentPostprocessing = 0;
		};
/* End PBXResourcesBuildPhase section */

/* Begin PBXSourcesBuildPhase section */
		9844A05D2A2C7EA700908169 /* Sources */ = {
			isa = PBXSourcesBuildPhase;
			buildActionMask = 2147483647;
			files = (
				9844A0832A2DC51C00908169 /* response.swift in Sources */,
				9844A0692A2C7EA700908169 /* ViewController.swift in Sources */,
				9844A0652A2C7EA700908169 /* AppDelegate.swift in Sources */,
				9844A0672A2C7EA700908169 /* SceneDelegate.swift in Sources */,
				9844A07F2A2DB15C00908169 /* Model.swift in Sources */,
				9844A07A2A2DAE5200908169 /* constants.swift in Sources */,
				981563572A2E279E008E03A8 /* CacheManager.swift in Sources */,
				9844A0812A2DB7B400908169 /* constantsTemplate.swift in Sources */,
				9844A07D2A2DB0EE00908169 /* Video.swift in Sources */,
				9844A0852A2DF3D100908169 /* VideoTableViewCell.swift in Sources */,
			);
			runOnlyForDeploymentPostprocessing = 0;
		};
/* End PBXSourcesBuildPhase section */

/* Begin PBXVariantGroup section */
		9844A06A2A2C7EA700908169 /* Main.storyboard */ = {
			isa = PBXVariantGroup;
			children = (
				9844A06B2A2C7EA700908169 /* Base */,
			);
			name = Main.storyboard;
			sourceTree = "<group>";
		};
		9844A06F2A2C7EA800908169 /* LaunchScreen.storyboard */ = {
			isa = PBXVariantGroup;
			children = (
				9844A0702A2C7EA800908169 /* Base */,
			);
			name = LaunchScreen.storyboard;
			sourceTree = "<group>";
		};
/* End PBXVariantGroup section */

/* Begin XCBuildConfiguration section */
		9844A0732A2C7EA800908169 /* Debug */ = {
			isa = XCBuildConfiguration;
			buildSettings = {
				ALWAYS_SEARCH_USER_PATHS = NO;
				CLANG_ANALYZER_NONNULL = YES;
				CLANG_ANALYZER_NUMBER_OBJECT_CONVERSION = YES_AGGRESSIVE;
				CLANG_CXX_LANGUAGE_STANDARD = "gnu++20";
				CLANG_ENABLE_MODULES = YES;
				CLANG_ENABLE_OBJC_ARC = YES;
				CLANG_ENABLE_OBJC_WEAK = YES;
				CLANG_WARN_BLOCK_CAPTURE_AUTORELEASING = YES;
				CLANG_WARN_BOOL_CONVERSION = YES;
				CLANG_WARN_COMMA = YES;
				CLANG_WARN_CONSTANT_CONVERSION = YES;
				CLANG_WARN_DEPRECATED_OBJC_IMPLEMENTATIONS = YES;
				CLANG_WARN_DIRECT_OBJC_ISA_USAGE = YES_ERROR;
				CLANG_WARN_DOCUMENTATION_COMMENTS = YES;
				CLANG_WARN_EMPTY_BODY = YES;
				CLANG_WARN_ENUM_CONVERSION = YES;
				CLANG_WARN_INFINITE_RECURSION = YES;
				CLANG_WARN_INT_CONVERSION = YES;
				CLANG_WARN_NON_LITERAL_NULL_CONVERSION = YES;
				CLANG_WARN_OBJC_IMPLICIT_RETAIN_SELF = YES;
				CLANG_WARN_OBJC_LITERAL_CONVERSION = YES;
				CLANG_WARN_OBJC_ROOT_CLASS = YES_ERROR;
				CLANG_WARN_QUOTED_INCLUDE_IN_FRAMEWORK_HEADER = YES;
				CLANG_WARN_RANGE_LOOP_ANALYSIS = YES;
				CLANG_WARN_STRICT_PROTOTYPES = YES;
				CLANG_WARN_SUSPICIOUS_MOVE = YES;
				CLANG_WARN_UNGUARDED_AVAILABILITY = YES_AGGRESSIVE;
				CLANG_WARN_UNREACHABLE_CODE = YES;
				CLANG_WARN__DUPLICATE_METHOD_MATCH = YES;
				COPY_PHASE_STRIP = NO;
				DEBUG_INFORMATION_FORMAT = dwarf;
				ENABLE_STRICT_OBJC_MSGSEND = YES;
				ENABLE_TESTABILITY = YES;
				GCC_C_LANGUAGE_STANDARD = gnu11;
				GCC_DYNAMIC_NO_PIC = NO;
				GCC_NO_COMMON_BLOCKS = YES;
				GCC_OPTIMIZATION_LEVEL = 0;
				GCC_PREPROCESSOR_DEFINITIONS = (
					"DEBUG=1",
					"$(inherited)",
				);
				GCC_WARN_64_TO_32_BIT_CONVERSION = YES;
				GCC_WARN_ABOUT_RETURN_TYPE = YES_ERROR;
				GCC_WARN_UNDECLARED_SELECTOR = YES;
				GCC_WARN_UNINITIALIZED_AUTOS = YES_AGGRESSIVE;
				GCC_WARN_UNUSED_FUNCTION = YES;
				GCC_WARN_UNUSED_VARIABLE = YES;
				IPHONEOS_DEPLOYMENT_TARGET = 16.4;
				MTL_ENABLE_DEBUG_INFO = INCLUDE_SOURCE;
				MTL_FAST_MATH = YES;
				ONLY_ACTIVE_ARCH = YES;
				SDKROOT = iphoneos;
				SWIFT_ACTIVE_COMPILATION_CONDITIONS = DEBUG;
				SWIFT_OPTIMIZATION_LEVEL = "-Onone";
			};
			name = Debug;
		};
		9844A0742A2C7EA800908169 /* Release */ = {
			isa = XCBuildConfiguration;
			buildSettings = {
				ALWAYS_SEARCH_USER_PATHS = NO;
				CLANG_ANALYZER_NONNULL = YES;
				CLANG_ANALYZER_NUMBER_OBJECT_CONVERSION = YES_AGGRESSIVE;
				CLANG_CXX_LANGUAGE_STANDARD = "gnu++20";
				CLANG_ENABLE_MODULES = YES;
				CLANG_ENABLE_OBJC_ARC = YES;
				CLANG_ENABLE_OBJC_WEAK = YES;
				CLANG_WARN_BLOCK_CAPTURE_AUTORELEASING = YES;
				CLANG_WARN_BOOL_CONVERSION = YES;
				CLANG_WARN_COMMA = YES;
				CLANG_WARN_CONSTANT_CONVERSION = YES;
				CLANG_WARN_DEPRECATED_OBJC_IMPLEMENTATIONS = YES;
				CLANG_WARN_DIRECT_OBJC_ISA_USAGE = YES_ERROR;
				CLANG_WARN_DOCUMENTATION_COMMENTS = YES;
				CLANG_WARN_EMPTY_BODY = YES;
				CLANG_WARN_ENUM_CONVERSION = YES;
				CLANG_WARN_INFINITE_RECURSION = YES;
				CLANG_WARN_INT_CONVERSION = YES;
				CLANG_WARN_NON_LITERAL_NULL_CONVERSION = YES;
				CLANG_WARN_OBJC_IMPLICIT_RETAIN_SELF = YES;
				CLANG_WARN_OBJC_LITERAL_CONVERSION = YES;
				CLANG_WARN_OBJC_ROOT_CLASS = YES_ERROR;
				CLANG_WARN_QUOTED_INCLUDE_IN_FRAMEWORK_HEADER = YES;
				CLANG_WARN_RANGE_LOOP_ANALYSIS = YES;
				CLANG_WARN_STRICT_PROTOTYPES = YES;
				CLANG_WARN_SUSPICIOUS_MOVE = YES;
				CLANG_WARN_UNGUARDED_AVAILABILITY = YES_AGGRESSIVE;
				CLANG_WARN_UNREACHABLE_CODE = YES;
				CLANG_WARN__DUPLICATE_METHOD_MATCH = YES;
				COPY_PHASE_STRIP = NO;
				DEBUG_INFORMATION_FORMAT = "dwarf-with-dsym";
				ENABLE_NS_ASSERTIONS = NO;
				ENABLE_STRICT_OBJC_MSGSEND = YES;
				GCC_C_LANGUAGE_STANDARD = gnu11;
				GCC_NO_COMMON_BLOCKS = YES;
				GCC_WARN_64_TO_32_BIT_CONVERSION = YES;
				GCC_WARN_ABOUT_RETURN_TYPE = YES_ERROR;
				GCC_WARN_UNDECLARED_SELECTOR = YES;
				GCC_WARN_UNINITIALIZED_AUTOS = YES_AGGRESSIVE;
				GCC_WARN_UNUSED_FUNCTION = YES;
				GCC_WARN_UNUSED_VARIABLE = YES;
				IPHONEOS_DEPLOYMENT_TARGET = 16.4;
				MTL_ENABLE_DEBUG_INFO = NO;
				MTL_FAST_MATH = YES;
				SDKROOT = iphoneos;
				SWIFT_COMPILATION_MODE = wholemodule;
				SWIFT_OPTIMIZATION_LEVEL = "-O";
				VALIDATE_PRODUCT = YES;
			};
			name = Release;
		};
		9844A0762A2C7EA800908169 /* Debug */ = {
			isa = XCBuildConfiguration;
			buildSettings = {
				ASSETCATALOG_COMPILER_APPICON_NAME = AppIcon;
				ASSETCATALOG_COMPILER_GLOBAL_ACCENT_COLOR_NAME = AccentColor;
				CODE_SIGN_STYLE = Automatic;
				CURRENT_PROJECT_VERSION = 1;
				DEVELOPMENT_TEAM = 22722YD6G7;
				GENERATE_INFOPLIST_FILE = YES;
				INFOPLIST_FILE = Youtube/Info.plist;
				INFOPLIST_KEY_UIApplicationSupportsIndirectInputEvents = YES;
				INFOPLIST_KEY_UILaunchStoryboardName = LaunchScreen;
				INFOPLIST_KEY_UIMainStoryboardFile = Main;
				INFOPLIST_KEY_UISupportedInterfaceOrientations_iPad = "UIInterfaceOrientationPortrait UIInterfaceOrientationPortraitUpsideDown UIInterfaceOrientationLandscapeLeft UIInterfaceOrientationLandscapeRight";
				INFOPLIST_KEY_UISupportedInterfaceOrientations_iPhone = "UIInterfaceOrientationPortrait UIInterfaceOrientationLandscapeLeft UIInterfaceOrientationLandscapeRight";
				LD_RUNPATH_SEARCH_PATHS = (
					"$(inherited)",
					"@executable_path/Frameworks",
				);
				MARKETING_VERSION = 1.0;
				PRODUCT_BUNDLE_IDENTIFIER = karanD.Youtube;
				PRODUCT_NAME = "$(TARGET_NAME)";
				SWIFT_EMIT_LOC_STRINGS = YES;
				SWIFT_VERSION = 5.0;
				TARGETED_DEVICE_FAMILY = "1,2";
			};
			name = Debug;
		};
		9844A0772A2C7EA800908169 /* Release */ = {
			isa = XCBuildConfiguration;
			buildSettings = {
				ASSETCATALOG_COMPILER_APPICON_NAME = AppIcon;
				ASSETCATALOG_COMPILER_GLOBAL_ACCENT_COLOR_NAME = AccentColor;
				CODE_SIGN_STYLE = Automatic;
				CURRENT_PROJECT_VERSION = 1;
				DEVELOPMENT_TEAM = 22722YD6G7;
				GENERATE_INFOPLIST_FILE = YES;
				INFOPLIST_FILE = Youtube/Info.plist;
				INFOPLIST_KEY_UIApplicationSupportsIndirectInputEvents = YES;
				INFOPLIST_KEY_UILaunchStoryboardName = LaunchScreen;
				INFOPLIST_KEY_UIMainStoryboardFile = Main;
				INFOPLIST_KEY_UISupportedInterfaceOrientations_iPad = "UIInterfaceOrientationPortrait UIInterfaceOrientationPortraitUpsideDown UIInterfaceOrientationLandscapeLeft UIInterfaceOrientationLandscapeRight";
				INFOPLIST_KEY_UISupportedInterfaceOrientations_iPhone = "UIInterfaceOrientationPortrait UIInterfaceOrientationLandscapeLeft UIInterfaceOrientationLandscapeRight";
				LD_RUNPATH_SEARCH_PATHS = (
					"$(inherited)",
					"@executable_path/Frameworks",
				);
				MARKETING_VERSION = 1.0;
				PRODUCT_BUNDLE_IDENTIFIER = karanD.Youtube;
				PRODUCT_NAME = "$(TARGET_NAME)";
				SWIFT_EMIT_LOC_STRINGS = YES;
				SWIFT_VERSION = 5.0;
				TARGETED_DEVICE_FAMILY = "1,2";
			};
			name = Release;
		};
/* End XCBuildConfiguration section */

/* Begin XCConfigurationList section */
		9844A05C2A2C7EA700908169 /* Build configuration list for PBXProject "Youtube" */ = {
			isa = XCConfigurationList;
			buildConfigurations = (
				9844A0732A2C7EA800908169 /* Debug */,
				9844A0742A2C7EA800908169 /* Release */,
			);
			defaultConfigurationIsVisible = 0;
			defaultConfigurationName = Release;
		};
		9844A0752A2C7EA800908169 /* Build configuration list for PBXNativeTarget "Youtube" */ = {
			isa = XCConfigurationList;
			buildConfigurations = (
				9844A0762A2C7EA800908169 /* Debug */,
				9844A0772A2C7EA800908169 /* Release */,
			);
			defaultConfigurationIsVisible = 0;
			defaultConfigurationName = Release;
		};
/* End XCConfigurationList section */
	};
	rootObject = 9844A0592A2C7EA700908169 /* Project object */;
}
